
Microsoft Visual Studio Solution File, Format Version 11.00
# Visual Studio 2010
Project("{FAE04EC0-301F-11D3-BF4B-00C04F79EFBC}") = "game_engine-15-07-2018", "Assembly-CSharp.csproj", "{5EDED384-289B-F9FA-524D-D92DB5344A0C}"
EndProject
Project("{FAE04EC0-301F-11D3-BF4B-00C04F79EFBC}") = "game_engine-15-07-2018", "Assembly-CSharp-firstpass.csproj", "{92E686EF-8B9F-CAEE-2D58-1FD27FFE7E78}"
EndProject
Project("{FAE04EC0-301F-11D3-BF4B-00C04F79EFBC}") = "game_engine-15-07-2018", "Assembly-CSharp-Editor-firstpass.csproj", "{6F3429F1-67D3-C96C-C98A-5064BF6B8034}"
EndProject
Global
	GlobalSection(SolutionConfigurationPlatforms) = preSolution
		Debug|Any CPU = Debug|Any CPU
		Release|Any CPU = Release|Any CPU
	EndGlobalSection
	GlobalSection(ProjectConfigurationPlatforms) = postSolution
		{5EDED384-289B-F9FA-524D-D92DB5344A0C}.Debug|Any CPU.ActiveCfg = Debug|Any CPU
		{5EDED384-289B-F9FA-524D-D92DB5344A0C}.Debug|Any CPU.Build.0 = Debug|Any CPU
		{5EDED384-289B-F9FA-524D-D92DB5344A0C}.Release|Any CPU.ActiveCfg = Release|Any CPU
		{5EDED384-289B-F9FA-524D-D92DB5344A0C}.Release|Any CPU.Build.0 = Release|Any CPU
		{92E686EF-8B9F-CAEE-2D58-1FD27FFE7E78}.Debug|Any CPU.ActiveCfg = Debug|Any CPU
		{92E686EF-8B9F-CAEE-2D58-1FD27FFE7E78}.Debug|Any CPU.Build.0 = Debug|Any CPU
		{92E686EF-8B9F-CAEE-2D58-1FD27FFE7E78}.Release|Any CPU.ActiveCfg = Release|Any CPU
		{92E686EF-8B9F-CAEE-2D58-1FD27FFE7E78}.Release|Any CPU.Build.0 = Release|Any CPU
		{6F3429F1-67D3-C96C-C98A-5064BF6B8034}.Debug|Any CPU.ActiveCfg = Debug|Any CPU
		{6F3429F1-67D3-C96C-C98A-5064BF6B8034}.Debug|Any CPU.Build.0 = Debug|Any CPU
		{6F3429F1-67D3-C96C-C98A-5064BF6B8034}.Release|Any CPU.ActiveCfg = Release|Any CPU
		{6F3429F1-67D3-C96C-C98A-5064BF6B8034}.Release|Any CPU.Build.0 = Release|Any CPU
	EndGlobalSection
	GlobalSection(SolutionProperties) = preSolution
		HideSolutionNode = FALSE
	EndGlobalSection
	GlobalSection(MonoDevelopProperties) = preSolution
		StartupItem = Assembly-CSharp.csproj
	EndGlobalSection
EndGlobal
